
Microsoft Visual Studio Solution File, Format Version 12.00
# Visual Studio Version 16
VisualStudioVersion = 16.0.30804.86
MinimumVisualStudioVersion = 10.0.40219.1
Project("{FAE04EC0-301F-11D3-BF4B-00C04F79EFBC}") = "Presentation", "Presentation\Presentation.csproj", "{5BE17A61-3AF4-47DA-97A4-29F6253A062D}"
EndProject
Project("{FAE04EC0-301F-11D3-BF4B-00C04F79EFBC}") = "Infrastructure", "Infrastructure\Infrastructure.csproj", "{0C9A1BCB-AE3F-4919-A5FE-957959A43019}"
EndProject
Project("{FAE04EC0-301F-11D3-BF4B-00C04F79EFBC}") = "Application", "Application\Application.csproj", "{724A3376-3E76-4566-A36F-142FC16B8028}"
EndProject
Project("{FAE04EC0-301F-11D3-BF4B-00C04F79EFBC}") = "Domain", "Domain\Domain.csproj", "{1431BD3A-9ED4-4D55-92C8-83075CC31666}"
EndProject
Global
	GlobalSection(SolutionConfigurationPlatforms) = preSolution
		Debug|Any CPU = Debug|Any CPU
		Release|Any CPU = Release|Any CPU
	EndGlobalSection
	GlobalSection(ProjectConfigurationPlatforms) = postSolution
		{5BE17A61-3AF4-47DA-97A4-29F6253A062D}.Debug|Any CPU.ActiveCfg = Debug|Any CPU
		{5BE17A61-3AF4-47DA-97A4-29F6253A062D}.Debug|Any CPU.Build.0 = Debug|Any CPU
		{5BE17A61-3AF4-47DA-97A4-29F6253A062D}.Release|Any CPU.ActiveCfg = Release|Any CPU
		{5BE17A61-3AF4-47DA-97A4-29F6253A062D}.Release|Any CPU.Build.0 = Release|Any CPU
		{0C9A1BCB-AE3F-4919-A5FE-957959A43019}.Debug|Any CPU.ActiveCfg = Debug|Any CPU
		{0C9A1BCB-AE3F-4919-A5FE-957959A43019}.Debug|Any CPU.Build.0 = Debug|Any CPU
		{0C9A1BCB-AE3F-4919-A5FE-957959A43019}.Release|Any CPU.ActiveCfg = Release|Any CPU
		{0C9A1BCB-AE3F-4919-A5FE-957959A43019}.Release|Any CPU.Build.0 = Release|Any CPU
		{724A3376-3E76-4566-A36F-142FC16B8028}.Debug|Any CPU.ActiveCfg = Debug|Any CPU
		{724A3376-3E76-4566-A36F-142FC16B8028}.Debug|Any CPU.Build.0 = Debug|Any CPU
		{724A3376-3E76-4566-A36F-142FC16B8028}.Release|Any CPU.ActiveCfg = Release|Any CPU
		{724A3376-3E76-4566-A36F-142FC16B8028}.Release|Any CPU.Build.0 = Release|Any CPU
		{1431BD3A-9ED4-4D55-92C8-83075CC31666}.Debug|Any CPU.ActiveCfg = Debug|Any CPU
		{1431BD3A-9ED4-4D55-92C8-83075CC31666}.Debug|Any CPU.Build.0 = Debug|Any CPU
		{1431BD3A-9ED4-4D55-92C8-83075CC31666}.Release|Any CPU.ActiveCfg = Release|Any CPU
		{1431BD3A-9ED4-4D55-92C8-83075CC31666}.Release|Any CPU.Build.0 = Release|Any CPU
	EndGlobalSection
	GlobalSection(SolutionProperties) = preSolution
		HideSolutionNode = FALSE
	EndGlobalSection
	GlobalSection(ExtensibilityGlobals) = postSolution
		SolutionGuid = {E782E2A4-4BCB-46E2-A04F-9222E80503E0}
	EndGlobalSection
EndGlobal
