
Microsoft Visual Studio Solution File, Format Version 12.00
# Visual Studio Version 16
VisualStudioVersion = 16.0.30804.86
MinimumVisualStudioVersion = 10.0.40219.1
Project("{9A19103F-16F7-4668-BE54-9A1E7A4F7556}") = "Domain", "Domain\Domain.csproj", "{C28303C1-28BF-4A65-AAE1-9BB23CE286C9}"
EndProject
Project("{9A19103F-16F7-4668-BE54-9A1E7A4F7556}") = "Infrastructure", "Infrastructure\Infrastructure.csproj", "{548CD8E3-C0F2-4E08-AF54-50C2D9195099}"
EndProject
Project("{9A19103F-16F7-4668-BE54-9A1E7A4F7556}") = "InfrastructureSpec", "InfrastructureSpec\InfrastructureSpec.csproj", "{E074EA92-A2BC-402B-866F-93DCAA79D85A}"
EndProject
Project("{9A19103F-16F7-4668-BE54-9A1E7A4F7556}") = "UseCase", "UseCase\UseCase.csproj", "{0F030FEF-43FA-4A2C-B3D5-1A4B0231760C}"
EndProject
Project("{9A19103F-16F7-4668-BE54-9A1E7A4F7556}") = "UseCaseSpec", "UseCaseSpec\UseCaseSpec.csproj", "{316DCC66-0CBF-44D6-B0B4-FE6D5634C23D}"
EndProject
Project("{2150E333-8FDC-42A3-9474-1A3956D46DE8}") = "Presentation", "Presentation", "{40CBD37A-9323-45CB-B761-539EC0460F8B}"
EndProject
Project("{9A19103F-16F7-4668-BE54-9A1E7A4F7556}") = "DomainSpec", "DomainSpec\DomainSpec.csproj", "{E6363738-8FE6-4DEC-A0EB-1E580A58ACDE}"
EndProject
Project("{FAE04EC0-301F-11D3-BF4B-00C04F79EFBC}") = "ProcessMarkerDaemon", "Presentation\ProcessMarkerDaemon\ProcessMarkerDaemon.csproj", "{4D7E37FB-304A-47D6-ACE8-30C744ADE0E8}"
EndProject
Project("{FAE04EC0-301F-11D3-BF4B-00C04F79EFBC}") = "ProcessMarkerConfigurator", "Presentation\ProcessMarkerConfigurator\ProcessMarkerConfigurator.csproj", "{2FDB8D5A-A074-48DE-8466-BD788B200D45}"
EndProject
Global
	GlobalSection(SolutionConfigurationPlatforms) = preSolution
		Debug|Any CPU = Debug|Any CPU
		Release|Any CPU = Release|Any CPU
	EndGlobalSection
	GlobalSection(ProjectConfigurationPlatforms) = postSolution
		{C28303C1-28BF-4A65-AAE1-9BB23CE286C9}.Debug|Any CPU.ActiveCfg = Debug|Any CPU
		{C28303C1-28BF-4A65-AAE1-9BB23CE286C9}.Debug|Any CPU.Build.0 = Debug|Any CPU
		{C28303C1-28BF-4A65-AAE1-9BB23CE286C9}.Release|Any CPU.ActiveCfg = Release|Any CPU
		{C28303C1-28BF-4A65-AAE1-9BB23CE286C9}.Release|Any CPU.Build.0 = Release|Any CPU
		{548CD8E3-C0F2-4E08-AF54-50C2D9195099}.Debug|Any CPU.ActiveCfg = Debug|Any CPU
		{548CD8E3-C0F2-4E08-AF54-50C2D9195099}.Debug|Any CPU.Build.0 = Debug|Any CPU
		{548CD8E3-C0F2-4E08-AF54-50C2D9195099}.Release|Any CPU.ActiveCfg = Release|Any CPU
		{548CD8E3-C0F2-4E08-AF54-50C2D9195099}.Release|Any CPU.Build.0 = Release|Any CPU
		{E074EA92-A2BC-402B-866F-93DCAA79D85A}.Debug|Any CPU.ActiveCfg = Debug|Any CPU
		{E074EA92-A2BC-402B-866F-93DCAA79D85A}.Debug|Any CPU.Build.0 = Debug|Any CPU
		{E074EA92-A2BC-402B-866F-93DCAA79D85A}.Release|Any CPU.ActiveCfg = Release|Any CPU
		{E074EA92-A2BC-402B-866F-93DCAA79D85A}.Release|Any CPU.Build.0 = Release|Any CPU
		{0F030FEF-43FA-4A2C-B3D5-1A4B0231760C}.Debug|Any CPU.ActiveCfg = Debug|Any CPU
		{0F030FEF-43FA-4A2C-B3D5-1A4B0231760C}.Debug|Any CPU.Build.0 = Debug|Any CPU
		{0F030FEF-43FA-4A2C-B3D5-1A4B0231760C}.Release|Any CPU.ActiveCfg = Release|Any CPU
		{0F030FEF-43FA-4A2C-B3D5-1A4B0231760C}.Release|Any CPU.Build.0 = Release|Any CPU
		{316DCC66-0CBF-44D6-B0B4-FE6D5634C23D}.Debug|Any CPU.ActiveCfg = Debug|Any CPU
		{316DCC66-0CBF-44D6-B0B4-FE6D5634C23D}.Debug|Any CPU.Build.0 = Debug|Any CPU
		{316DCC66-0CBF-44D6-B0B4-FE6D5634C23D}.Release|Any CPU.ActiveCfg = Release|Any CPU
		{316DCC66-0CBF-44D6-B0B4-FE6D5634C23D}.Release|Any CPU.Build.0 = Release|Any CPU
		{E6363738-8FE6-4DEC-A0EB-1E580A58ACDE}.Debug|Any CPU.ActiveCfg = Debug|Any CPU
		{E6363738-8FE6-4DEC-A0EB-1E580A58ACDE}.Debug|Any CPU.Build.0 = Debug|Any CPU
		{E6363738-8FE6-4DEC-A0EB-1E580A58ACDE}.Release|Any CPU.ActiveCfg = Release|Any CPU
		{E6363738-8FE6-4DEC-A0EB-1E580A58ACDE}.Release|Any CPU.Build.0 = Release|Any CPU
		{4D7E37FB-304A-47D6-ACE8-30C744ADE0E8}.Debug|Any CPU.ActiveCfg = Debug|Any CPU
		{4D7E37FB-304A-47D6-ACE8-30C744ADE0E8}.Debug|Any CPU.Build.0 = Debug|Any CPU
		{4D7E37FB-304A-47D6-ACE8-30C744ADE0E8}.Release|Any CPU.ActiveCfg = Release|Any CPU
		{4D7E37FB-304A-47D6-ACE8-30C744ADE0E8}.Release|Any CPU.Build.0 = Release|Any CPU
		{2FDB8D5A-A074-48DE-8466-BD788B200D45}.Debug|Any CPU.ActiveCfg = Debug|Any CPU
		{2FDB8D5A-A074-48DE-8466-BD788B200D45}.Debug|Any CPU.Build.0 = Debug|Any CPU
		{2FDB8D5A-A074-48DE-8466-BD788B200D45}.Release|Any CPU.ActiveCfg = Release|Any CPU
		{2FDB8D5A-A074-48DE-8466-BD788B200D45}.Release|Any CPU.Build.0 = Release|Any CPU
	EndGlobalSection
	GlobalSection(SolutionProperties) = preSolution
		HideSolutionNode = FALSE
	EndGlobalSection
	GlobalSection(NestedProjects) = preSolution
		{4D7E37FB-304A-47D6-ACE8-30C744ADE0E8} = {40CBD37A-9323-45CB-B761-539EC0460F8B}
		{2FDB8D5A-A074-48DE-8466-BD788B200D45} = {40CBD37A-9323-45CB-B761-539EC0460F8B}
	EndGlobalSection
	GlobalSection(ExtensibilityGlobals) = postSolution
		SolutionGuid = {E782E2A4-4BCB-46E2-A04F-9222E80503E0}
	EndGlobalSection
EndGlobal
