
Microsoft Visual Studio Solution File, Format Version 12.00
# Visual Studio Version 16
VisualStudioVersion = 16.0.30804.86
MinimumVisualStudioVersion = 10.0.40219.1
Project("{9A19103F-16F7-4668-BE54-9A1E7A4F7556}") = "Presentation", "Presentation\Presentation.csproj", "{5BE17A61-3AF4-47DA-97A4-29F6253A062D}"
EndProject
Project("{9A19103F-16F7-4668-BE54-9A1E7A4F7556}") = "Application", "Application\Application.csproj", "{38D541E9-8932-4AC3-9955-EC2CF3B70E1C}"
EndProject
Project("{FAE04EC0-301F-11D3-BF4B-00C04F79EFBC}") = "Domain", "Domain\Domain.csproj", "{C28303C1-28BF-4A65-AAE1-9BB23CE286C9}"
EndProject
Project("{FAE04EC0-301F-11D3-BF4B-00C04F79EFBC}") = "Infrastructure", "Infrastructure\Infrastructure.csproj", "{548CD8E3-C0F2-4E08-AF54-50C2D9195099}"
EndProject
Global
	GlobalSection(SolutionConfigurationPlatforms) = preSolution
		Debug|Any CPU = Debug|Any CPU
		Release|Any CPU = Release|Any CPU
	EndGlobalSection
	GlobalSection(ProjectConfigurationPlatforms) = postSolution
		{5BE17A61-3AF4-47DA-97A4-29F6253A062D}.Debug|Any CPU.ActiveCfg = Debug|Any CPU
		{5BE17A61-3AF4-47DA-97A4-29F6253A062D}.Debug|Any CPU.Build.0 = Debug|Any CPU
		{5BE17A61-3AF4-47DA-97A4-29F6253A062D}.Release|Any CPU.ActiveCfg = Release|Any CPU
		{5BE17A61-3AF4-47DA-97A4-29F6253A062D}.Release|Any CPU.Build.0 = Release|Any CPU
		{38D541E9-8932-4AC3-9955-EC2CF3B70E1C}.Debug|Any CPU.ActiveCfg = Debug|Any CPU
		{38D541E9-8932-4AC3-9955-EC2CF3B70E1C}.Debug|Any CPU.Build.0 = Debug|Any CPU
		{38D541E9-8932-4AC3-9955-EC2CF3B70E1C}.Release|Any CPU.ActiveCfg = Release|Any CPU
		{38D541E9-8932-4AC3-9955-EC2CF3B70E1C}.Release|Any CPU.Build.0 = Release|Any CPU
		{C28303C1-28BF-4A65-AAE1-9BB23CE286C9}.Debug|Any CPU.ActiveCfg = Debug|Any CPU
		{C28303C1-28BF-4A65-AAE1-9BB23CE286C9}.Debug|Any CPU.Build.0 = Debug|Any CPU
		{C28303C1-28BF-4A65-AAE1-9BB23CE286C9}.Release|Any CPU.ActiveCfg = Release|Any CPU
		{C28303C1-28BF-4A65-AAE1-9BB23CE286C9}.Release|Any CPU.Build.0 = Release|Any CPU
		{548CD8E3-C0F2-4E08-AF54-50C2D9195099}.Debug|Any CPU.ActiveCfg = Debug|Any CPU
		{548CD8E3-C0F2-4E08-AF54-50C2D9195099}.Debug|Any CPU.Build.0 = Debug|Any CPU
		{548CD8E3-C0F2-4E08-AF54-50C2D9195099}.Release|Any CPU.ActiveCfg = Release|Any CPU
		{548CD8E3-C0F2-4E08-AF54-50C2D9195099}.Release|Any CPU.Build.0 = Release|Any CPU
	EndGlobalSection
	GlobalSection(SolutionProperties) = preSolution
		HideSolutionNode = FALSE
	EndGlobalSection
	GlobalSection(ExtensibilityGlobals) = postSolution
		SolutionGuid = {E782E2A4-4BCB-46E2-A04F-9222E80503E0}
	EndGlobalSection
EndGlobal
